schema: '2.0'
stages:
  make_dataset:
    cmd: uv run python src/data/make_dataset.py data/raw/iris.csv
    deps:
    - path: src/data/make_dataset.py
      hash: md5
      md5: 4ffb56f351bf619cc11bf5dc074b1f61
      size: 362
    outs:
    - path: data/raw/iris.csv
      hash: md5
      md5: 4d301abed5efe50eccda350cde38e0eb
      size: 2777
  build_features:
    cmd: uv run python src/features/build_features.py data/raw/iris.csv
      data/processed/features.parquet
    deps:
    - path: data/raw/iris.csv
      hash: md5
      md5: 4d301abed5efe50eccda350cde38e0eb
      size: 2777
    - path: src/features/build_features.py
      hash: md5
      md5: 047657c0fed15cc8fbf9e1b476a302c6
      size: 303
    outs:
    - path: data/processed/features.parquet
      hash: md5
      md5: 2e73c70bca884251c932a72e9b579655
      size: 5202
  train:
    cmd: uv run python src/models/train.py
    deps:
    - path: configs/train.yaml
      hash: md5
      md5: 570e6b7704414288561658823d38751b
      size: 137
    - path: data/processed/features.parquet
      hash: md5
      md5: 2e73c70bca884251c932a72e9b579655
      size: 5202
    - path: src/models/train.py
      hash: md5
      md5: c0a858f7809f5774515c033d6808f30b
      size: 1445
    outs:
    - path: artifacts/model.joblib
      hash: md5
      md5: e1e0ffa169008bae21c3272135630e8e
      size: 991
  evaluate:
    cmd: uv run python src/evaluation/evaluate.py
    deps:
    - path: artifacts/model.joblib
      hash: md5
      md5: e1e0ffa169008bae21c3272135630e8e
      size: 991
    - path: data/processed/features.parquet
      hash: md5
      md5: 2e73c70bca884251c932a72e9b579655
      size: 5202
    - path: src/evaluation/evaluate.py
      hash: md5
      md5: e774aa727bd66ad62349c1a4f5894d40
      size: 1228
    outs:
    - path: artifacts/metrics.json
      hash: md5
      md5: d03ae2f463be78cf1bc90e9967fcca18
      size: 22
